
Microsoft Visual Studio Solution File, Format Version 12.00
# Visual Studio Version 17
VisualStudioVersion = 17.10.35027.167
MinimumVisualStudioVersion = 10.0.40219.1
Project("{9A19103F-16F7-4668-BE54-9A1E7A4F7556}") = "GestaoObras", "GestaoObras.csproj", "{7D335ADA-90E8-4F26-A709-AF924B243286}"
EndProject
Project("{FAE04EC0-301F-11D3-BF4B-00C04F79EFBC}") = "UtilsTest", "..\UtilsTest\UtilsTest.csproj", "{F245C9FF-5F35-4A1F-B738-9372A0261C58}"
EndProject
Global
	GlobalSection(SolutionConfigurationPlatforms) = preSolution
		Debug|Any CPU = Debug|Any CPU
		Release|Any CPU = Release|Any CPU
	EndGlobalSection
	GlobalSection(ProjectConfigurationPlatforms) = postSolution
		{7D335ADA-90E8-4F26-A709-AF924B243286}.Debug|Any CPU.ActiveCfg = Debug|Any CPU
		{7D335ADA-90E8-4F26-A709-AF924B243286}.Debug|Any CPU.Build.0 = Debug|Any CPU
		{7D335ADA-90E8-4F26-A709-AF924B243286}.Release|Any CPU.ActiveCfg = Release|Any CPU
		{7D335ADA-90E8-4F26-A709-AF924B243286}.Release|Any CPU.Build.0 = Release|Any CPU
		{F245C9FF-5F35-4A1F-B738-9372A0261C58}.Debug|Any CPU.ActiveCfg = Debug|Any CPU
		{F245C9FF-5F35-4A1F-B738-9372A0261C58}.Debug|Any CPU.Build.0 = Debug|Any CPU
		{F245C9FF-5F35-4A1F-B738-9372A0261C58}.Release|Any CPU.ActiveCfg = Release|Any CPU
		{F245C9FF-5F35-4A1F-B738-9372A0261C58}.Release|Any CPU.Build.0 = Release|Any CPU
	EndGlobalSection
	GlobalSection(SolutionProperties) = preSolution
		HideSolutionNode = FALSE
	EndGlobalSection
	GlobalSection(ExtensibilityGlobals) = postSolution
		SolutionGuid = {2E27346A-8B87-47CC-8443-97D64A41B216}
	EndGlobalSection
EndGlobal
